# THIS IS AN AUTOGENERATED FILE. DO NOT EDIT THIS FILE DIRECTLY.
# yarn lockfile v1


uikit@^3.5.3:
  version "3.5.3"
  resolved "https://registry.yarnpkg.com/uikit/-/uikit-3.5.3.tgz#e05dcfd291258c179e645d19210d0b356e35dff9"
  integrity sha512-p3F7ICtq0XNYbTcrbOotjmdOAf8D7F8kbnZOIHomUK0fCVn8BdFPscRWzO/9cerxGw4eY7R7//BZupoyEYg2Fg==
